
Microsoft Visual Studio Solution File, Format Version 12.00
# Visual Studio 15
VisualStudioVersion = 15.0.27428.2015
MinimumVisualStudioVersion = 10.0.40219.1
Project("{FAE04EC0-301F-11D3-BF4B-00C04F79EFBC}") = "Fs.Processes", "Fs.Processes\Fs.Processes.csproj", "{7DBBBA76-65E2-45AB-B43B-6AA9CBD05622}"
EndProject
Global
	GlobalSection(SolutionConfigurationPlatforms) = preSolution
		Debug|Any CPU = Debug|Any CPU
		Release|Any CPU = Release|Any CPU
	EndGlobalSection
	GlobalSection(ProjectConfigurationPlatforms) = postSolution
		{7DBBBA76-65E2-45AB-B43B-6AA9CBD05622}.Debug|Any CPU.ActiveCfg = Debug|Any CPU
		{7DBBBA76-65E2-45AB-B43B-6AA9CBD05622}.Debug|Any CPU.Build.0 = Debug|Any CPU
		{7DBBBA76-65E2-45AB-B43B-6AA9CBD05622}.Release|Any CPU.ActiveCfg = Release|Any CPU
		{7DBBBA76-65E2-45AB-B43B-6AA9CBD05622}.Release|Any CPU.Build.0 = Release|Any CPU
	EndGlobalSection
	GlobalSection(SolutionProperties) = preSolution
		HideSolutionNode = FALSE
	EndGlobalSection
	GlobalSection(ExtensibilityGlobals) = postSolution
		SolutionGuid = {98EE53AC-3A6B-4490-BE13-F0E37116E136}
	EndGlobalSection
EndGlobal
